// !$*UTF8*$!
{
	archiveVersion = 1;
	classes = {
	};
	objectVersion = 46;
	objects = {

/* Begin PBXBuildFile section */
		3F2748A41D4EF453003B6B85 /* main.m in Sources */ = {isa = PBXBuildFile; fileRef = 3F2748A31D4EF453003B6B85 /* main.m */; };
		3F2748A71D4EF453003B6B85 /* AppDelegate.m in Sources */ = {isa = PBXBuildFile; fileRef = 3F2748A61D4EF453003B6B85 /* AppDelegate.m */; };
		3F2748AA1D4EF453003B6B85 /* ViewController.m in Sources */ = {isa = PBXBuildFile; fileRef = 3F2748A91D4EF453003B6B85 /* ViewController.m */; };
		3F2748AD1D4EF453003B6B85 /* Main.storyboard in Resources */ = {isa = PBXBuildFile; fileRef = 3F2748AB1D4EF453003B6B85 /* Main.storyboard */; };
		3F2748AF1D4EF453003B6B85 /* Assets.xcassets in Resources */ = {isa = PBXBuildFile; fileRef = 3F2748AE1D4EF453003B6B85 /* Assets.xcassets */; };
		3F2748B21D4EF453003B6B85 /* LaunchScreen.storyboard in Resources */ = {isa = PBXBuildFile; fileRef = 3F2748B01D4EF453003B6B85 /* LaunchScreen.storyboard */; };
		3F2748BA1D4F01FC003B6B85 /* blackrock1920x1080.png in Resources */ = {isa = PBXBuildFile; fileRef = 3F2748B91D4F01FC003B6B85 /* blackrock1920x1080.png */; };
		3F2748BC1D4F0E31003B6B85 /* bre-banner.png in Resources */ = {isa = PBXBuildFile; fileRef = 3F2748BB1D4F0E31003B6B85 /* bre-banner.png */; };
		3F2748BE1D4F1262003B6B85 /* bre-banner2.png in Resources */ = {isa = PBXBuildFile; fileRef = 3F2748BD1D4F1262003B6B85 /* bre-banner2.png */; };
		3F2748C01D4F16EA003B6B85 /* bre-banner3.png in Resources */ = {isa = PBXBuildFile; fileRef = 3F2748BF1D4F16EA003B6B85 /* bre-banner3.png */; };
		3F2748C21D4F1A0A003B6B85 /* bresheader.png in Resources */ = {isa = PBXBuildFile; fileRef = 3F2748C11D4F1A0A003B6B85 /* bresheader.png */; };
		3F2748C41D4F1B5D003B6B85 /* bresheader2.png in Resources */ = {isa = PBXBuildFile; fileRef = 3F2748C31D4F1B5D003B6B85 /* bresheader2.png */; };
		3FFFF39C1D872FB100355280 /* BREWebViewController.m in Sources */ = {isa = PBXBuildFile; fileRef = 3FFFF39B1D872FB100355280 /* BREWebViewController.m */; };
		3FFFF39F1D874C4100355280 /* BRESchoolInfoViewController.m in Sources */ = {isa = PBXBuildFile; fileRef = 3FFFF39E1D874C4100355280 /* BRESchoolInfoViewController.m */; };
		3FFFF3A21D874E1B00355280 /* home-icon-white.png in Resources */ = {isa = PBXBuildFile; fileRef = 3FFFF3A01D874E1B00355280 /* home-icon-white.png */; };
		3FFFF3A31D874E1B00355280 /* home-icon-white@2x.png in Resources */ = {isa = PBXBuildFile; fileRef = 3FFFF3A11D874E1B00355280 /* home-icon-white@2x.png */; };
		3FFFF3A61D8769A800355280 /* BREStaffViewController.m in Sources */ = {isa = PBXBuildFile; fileRef = 3FFFF3A51D8769A800355280 /* BREStaffViewController.m */; };
/* End PBXBuildFile section */

/* Begin PBXFileReference section */
		3F27489F1D4EF453003B6B85 /* BlackRockElementary.app */ = {isa = PBXFileReference; explicitFileType = wrapper.application; includeInIndex = 0; path = BlackRockElementary.app; sourceTree = BUILT_PRODUCTS_DIR; };
		3F2748A31D4EF453003B6B85 /* main.m */ = {isa = PBXFileReference; lastKnownFileType = sourcecode.c.objc; path = main.m; sourceTree = "<group>"; };
		3F2748A51D4EF453003B6B85 /* AppDelegate.h */ = {isa = PBXFileReference; lastKnownFileType = sourcecode.c.h; path = AppDelegate.h; sourceTree = "<group>"; };
		3F2748A61D4EF453003B6B85 /* AppDelegate.m */ = {isa = PBXFileReference; lastKnownFileType = sourcecode.c.objc; path = AppDelegate.m; sourceTree = "<group>"; };
		3F2748A81D4EF453003B6B85 /* ViewController.h */ = {isa = PBXFileReference; lastKnownFileType = sourcecode.c.h; path = ViewController.h; sourceTree = "<group>"; };
		3F2748A91D4EF453003B6B85 /* ViewController.m */ = {isa = PBXFileReference; lastKnownFileType = sourcecode.c.objc; path = ViewController.m; sourceTree = "<group>"; };
		3F2748AC1D4EF453003B6B85 /* Base */ = {isa = PBXFileReference; lastKnownFileType = file.storyboard; name = Base; path = Base.lproj/Main.storyboard; sourceTree = "<group>"; };
		3F2748AE1D4EF453003B6B85 /* Assets.xcassets */ = {isa = PBXFileReference; lastKnownFileType = folder.assetcatalog; path = Assets.xcassets; sourceTree = "<group>"; };
		3F2748B11D4EF453003B6B85 /* Base */ = {isa = PBXFileReference; lastKnownFileType = file.storyboard; name = Base; path = Base.lproj/LaunchScreen.storyboard; sourceTree = "<group>"; };
		3F2748B31D4EF453003B6B85 /* Info.plist */ = {isa = PBXFileReference; lastKnownFileType = text.plist.xml; path = Info.plist; sourceTree = "<group>"; };
		3F2748B91D4F01FC003B6B85 /* blackrock1920x1080.png */ = {isa = PBXFileReference; lastKnownFileType = image.png; path = blackrock1920x1080.png; sourceTree = "<group>"; };
		3F2748BB1D4F0E31003B6B85 /* bre-banner.png */ = {isa = PBXFileReference; lastKnownFileType = image.png; path = "bre-banner.png"; sourceTree = "<group>"; };
		3F2748BD1D4F1262003B6B85 /* bre-banner2.png */ = {isa = PBXFileReference; lastKnownFileType = image.png; path = "bre-banner2.png"; sourceTree = "<group>"; };
		3F2748BF1D4F16EA003B6B85 /* bre-banner3.png */ = {isa = PBXFileReference; lastKnownFileType = image.png; path = "bre-banner3.png"; sourceTree = "<group>"; };
		3F2748C11D4F1A0A003B6B85 /* bresheader.png */ = {isa = PBXFileReference; lastKnownFileType = image.png; path = bresheader.png; sourceTree = "<group>"; };
		3F2748C31D4F1B5D003B6B85 /* bresheader2.png */ = {isa = PBXFileReference; lastKnownFileType = image.png; path = bresheader2.png; sourceTree = "<group>"; };
		3FFFF39A1D872FB100355280 /* BREWebViewController.h */ = {isa = PBXFileReference; fileEncoding = 4; lastKnownFileType = sourcecode.c.h; path = BREWebViewController.h; sourceTree = "<group>"; };
		3FFFF39B1D872FB100355280 /* BREWebViewController.m */ = {isa = PBXFileReference; fileEncoding = 4; lastKnownFileType = sourcecode.c.objc; path = BREWebViewController.m; sourceTree = "<group>"; };
		3FFFF39D1D874C4100355280 /* BRESchoolInfoViewController.h */ = {isa = PBXFileReference; fileEncoding = 4; lastKnownFileType = sourcecode.c.h; path = BRESchoolInfoViewController.h; sourceTree = "<group>"; };
		3FFFF39E1D874C4100355280 /* BRESchoolInfoViewController.m */ = {isa = PBXFileReference; fileEncoding = 4; lastKnownFileType = sourcecode.c.objc; path = BRESchoolInfoViewController.m; sourceTree = "<group>"; };
		3FFFF3A01D874E1B00355280 /* home-icon-white.png */ = {isa = PBXFileReference; lastKnownFileType = image.png; path = "home-icon-white.png"; sourceTree = "<group>"; };
		3FFFF3A11D874E1B00355280 /* home-icon-white@2x.png */ = {isa = PBXFileReference; lastKnownFileType = image.png; path = "home-icon-white@2x.png"; sourceTree = "<group>"; };
		3FFFF3A41D8769A800355280 /* BREStaffViewController.h */ = {isa = PBXFileReference; fileEncoding = 4; lastKnownFileType = sourcecode.c.h; path = BREStaffViewController.h; sourceTree = "<group>"; };
		3FFFF3A51D8769A800355280 /* BREStaffViewController.m */ = {isa = PBXFileReference; fileEncoding = 4; lastKnownFileType = sourcecode.c.objc; path = BREStaffViewController.m; sourceTree = "<group>"; };
/* End PBXFileReference section */

/* Begin PBXFrameworksBuildPhase section */
		3F27489C1D4EF453003B6B85 /* Frameworks */ = {
			isa = PBXFrameworksBuildPhase;
			buildActionMask = 2147483647;
			files = (
			);
			runOnlyForDeploymentPostprocessing = 0;
		};
/* End PBXFrameworksBuildPhase section */

/* Begin PBXGroup section */
		3F2748961D4EF453003B6B85 = {
			isa = PBXGroup;
			children = (
				3F2748A11D4EF453003B6B85 /* BlackRockElementary */,
				3F2748A01D4EF453003B6B85 /* Products */,
			);
			sourceTree = "<group>";
		};
		3F2748A01D4EF453003B6B85 /* Products */ = {
			isa = PBXGroup;
			children = (
				3F27489F1D4EF453003B6B85 /* BlackRockElementary.app */,
			);
			name = Products;
			sourceTree = "<group>";
		};
		3F2748A11D4EF453003B6B85 /* BlackRockElementary */ = {
			isa = PBXGroup;
			children = (
				3F2748A51D4EF453003B6B85 /* AppDelegate.h */,
				3F2748A61D4EF453003B6B85 /* AppDelegate.m */,
				3F2748A81D4EF453003B6B85 /* ViewController.h */,
				3F2748A91D4EF453003B6B85 /* ViewController.m */,
				3FFFF39A1D872FB100355280 /* BREWebViewController.h */,
				3FFFF39B1D872FB100355280 /* BREWebViewController.m */,
				3FFFF39D1D874C4100355280 /* BRESchoolInfoViewController.h */,
				3FFFF39E1D874C4100355280 /* BRESchoolInfoViewController.m */,
				3FFFF3A41D8769A800355280 /* BREStaffViewController.h */,
				3FFFF3A51D8769A800355280 /* BREStaffViewController.m */,
				3F2748AB1D4EF453003B6B85 /* Main.storyboard */,
				3F2748AE1D4EF453003B6B85 /* Assets.xcassets */,
				3F2748B01D4EF453003B6B85 /* LaunchScreen.storyboard */,
				3F2748B31D4EF453003B6B85 /* Info.plist */,
				3F2748A21D4EF453003B6B85 /* Supporting Files */,
			);
			path = BlackRockElementary;
			sourceTree = "<group>";
		};
		3F2748A21D4EF453003B6B85 /* Supporting Files */ = {
			isa = PBXGroup;
			children = (
				3FFFF3A01D874E1B00355280 /* home-icon-white.png */,
				3FFFF3A11D874E1B00355280 /* home-icon-white@2x.png */,
				3F2748C31D4F1B5D003B6B85 /* bresheader2.png */,
				3F2748C11D4F1A0A003B6B85 /* bresheader.png */,
				3F2748BF1D4F16EA003B6B85 /* bre-banner3.png */,
				3F2748BD1D4F1262003B6B85 /* bre-banner2.png */,
				3F2748BB1D4F0E31003B6B85 /* bre-banner.png */,
				3F2748B91D4F01FC003B6B85 /* blackrock1920x1080.png */,
				3F2748A31D4EF453003B6B85 /* main.m */,
			);
			name = "Supporting Files";
			sourceTree = "<group>";
		};
/* End PBXGroup section */

/* Begin PBXNativeTarget section */
		3F27489E1D4EF453003B6B85 /* BlackRockElementary */ = {
			isa = PBXNativeTarget;
			buildConfigurationList = 3F2748B61D4EF453003B6B85 /* Build configuration list for PBXNativeTarget "BlackRockElementary" */;
			buildPhases = (
				3F27489B1D4EF453003B6B85 /* Sources */,
				3F27489C1D4EF453003B6B85 /* Frameworks */,
				3F27489D1D4EF453003B6B85 /* Resources */,
			);
			buildRules = (
			);
			dependencies = (
			);
			name = BlackRockElementary;
			productName = BlackRockElementary;
			productReference = 3F27489F1D4EF453003B6B85 /* BlackRockElementary.app */;
			productType = "com.apple.product-type.application";
		};
/* End PBXNativeTarget section */

/* Begin PBXProject section */
		3F2748971D4EF453003B6B85 /* Project object */ = {
			isa = PBXProject;
			attributes = {
				LastUpgradeCheck = 0730;
				ORGANIZATIONNAME = 6kites;
				TargetAttributes = {
					3F27489E1D4EF453003B6B85 = {
						CreatedOnToolsVersion = 7.3.1;
					};
				};
			};
			buildConfigurationList = 3F27489A1D4EF453003B6B85 /* Build configuration list for PBXProject "BlackRockElementary" */;
			compatibilityVersion = "Xcode 3.2";
			developmentRegion = English;
			hasScannedForEncodings = 0;
			knownRegions = (
				en,
				Base,
			);
			mainGroup = 3F2748961D4EF453003B6B85;
			productRefGroup = 3F2748A01D4EF453003B6B85 /* Products */;
			projectDirPath = "";
			projectRoot = "";
			targets = (
				3F27489E1D4EF453003B6B85 /* BlackRockElementary */,
			);
		};
/* End PBXProject section */

/* Begin PBXResourcesBuildPhase section */
		3F27489D1D4EF453003B6B85 /* Resources */ = {
			isa = PBXResourcesBuildPhase;
			buildActionMask = 2147483647;
			files = (
				3F2748BE1D4F1262003B6B85 /* bre-banner2.png in Resources */,
				3F2748C41D4F1B5D003B6B85 /* bresheader2.png in Resources */,
				3F2748B21D4EF453003B6B85 /* LaunchScreen.storyboard in Resources */,
				3FFFF3A21D874E1B00355280 /* home-icon-white.png in Resources */,
				3F2748AF1D4EF453003B6B85 /* Assets.xcassets in Resources */,
				3F2748BC1D4F0E31003B6B85 /* bre-banner.png in Resources */,
				3F2748BA1D4F01FC003B6B85 /* blackrock1920x1080.png in Resources */,
				3FFFF3A31D874E1B00355280 /* home-icon-white@2x.png in Resources */,
				3F2748C01D4F16EA003B6B85 /* bre-banner3.png in Resources */,
				3F2748C21D4F1A0A003B6B85 /* bresheader.png in Resources */,
				3F2748AD1D4EF453003B6B85 /* Main.storyboard in Resources */,
			);
			runOnlyForDeploymentPostprocessing = 0;
		};
/* End PBXResourcesBuildPhase section */

/* Begin PBXSourcesBuildPhase section */
		3F27489B1D4EF453003B6B85 /* Sources */ = {
			isa = PBXSourcesBuildPhase;
			buildActionMask = 2147483647;
			files = (
				3F2748AA1D4EF453003B6B85 /* ViewController.m in Sources */,
				3FFFF3A61D8769A800355280 /* BREStaffViewController.m in Sources */,
				3FFFF39F1D874C4100355280 /* BRESchoolInfoViewController.m in Sources */,
				3F2748A71D4EF453003B6B85 /* AppDelegate.m in Sources */,
				3F2748A41D4EF453003B6B85 /* main.m in Sources */,
				3FFFF39C1D872FB100355280 /* BREWebViewController.m in Sources */,
			);
			runOnlyForDeploymentPostprocessing = 0;
		};
/* End PBXSourcesBuildPhase section */

/* Begin PBXVariantGroup section */
		3F2748AB1D4EF453003B6B85 /* Main.storyboard */ = {
			isa = PBXVariantGroup;
			children = (
				3F2748AC1D4EF453003B6B85 /* Base */,
			);
			name = Main.storyboard;
			sourceTree = "<group>";
		};
		3F2748B01D4EF453003B6B85 /* LaunchScreen.storyboard */ = {
			isa = PBXVariantGroup;
			children = (
				3F2748B11D4EF453003B6B85 /* Base */,
			);
			name = LaunchScreen.storyboard;
			sourceTree = "<group>";
		};
/* End PBXVariantGroup section */

/* Begin XCBuildConfiguration section */
		3F2748B41D4EF453003B6B85 /* Debug */ = {
			isa = XCBuildConfiguration;
			buildSettings = {
				ALWAYS_SEARCH_USER_PATHS = NO;
				CLANG_ANALYZER_NONNULL = YES;
				CLANG_CXX_LANGUAGE_STANDARD = "gnu++0x";
				CLANG_CXX_LIBRARY = "libc++";
				CLANG_ENABLE_MODULES = YES;
				CLANG_ENABLE_OBJC_ARC = YES;
				CLANG_WARN_BOOL_CONVERSION = YES;
				CLANG_WARN_CONSTANT_CONVERSION = YES;
				CLANG_WARN_DIRECT_OBJC_ISA_USAGE = YES_ERROR;
				CLANG_WARN_EMPTY_BODY = YES;
				CLANG_WARN_ENUM_CONVERSION = YES;
				CLANG_WARN_INT_CONVERSION = YES;
				CLANG_WARN_OBJC_ROOT_CLASS = YES_ERROR;
				CLANG_WARN_UNREACHABLE_CODE = YES;
				CLANG_WARN__DUPLICATE_METHOD_MATCH = YES;
				"CODE_SIGN_IDENTITY[sdk=iphoneos*]" = "iPhone Developer";
				COPY_PHASE_STRIP = NO;
				DEBUG_INFORMATION_FORMAT = dwarf;
				ENABLE_STRICT_OBJC_MSGSEND = YES;
				ENABLE_TESTABILITY = YES;
				GCC_C_LANGUAGE_STANDARD = gnu99;
				GCC_DYNAMIC_NO_PIC = NO;
				GCC_NO_COMMON_BLOCKS = YES;
				GCC_OPTIMIZATION_LEVEL = 0;
				GCC_PREPROCESSOR_DEFINITIONS = (
					"DEBUG=1",
					"$(inherited)",
				);
				GCC_WARN_64_TO_32_BIT_CONVERSION = YES;
				GCC_WARN_ABOUT_RETURN_TYPE = YES_ERROR;
				GCC_WARN_UNDECLARED_SELECTOR = YES;
				GCC_WARN_UNINITIALIZED_AUTOS = YES_AGGRESSIVE;
				GCC_WARN_UNUSED_FUNCTION = YES;
				GCC_WARN_UNUSED_VARIABLE = YES;
				IPHONEOS_DEPLOYMENT_TARGET = 9.3;
				MTL_ENABLE_DEBUG_INFO = YES;
				ONLY_ACTIVE_ARCH = YES;
				SDKROOT = iphoneos;
			};
			name = Debug;
		};
		3F2748B51D4EF453003B6B85 /* Release */ = {
			isa = XCBuildConfiguration;
			buildSettings = {
				ALWAYS_SEARCH_USER_PATHS = NO;
				CLANG_ANALYZER_NONNULL = YES;
				CLANG_CXX_LANGUAGE_STANDARD = "gnu++0x";
				CLANG_CXX_LIBRARY = "libc++";
				CLANG_ENABLE_MODULES = YES;
				CLANG_ENABLE_OBJC_ARC = YES;
				CLANG_WARN_BOOL_CONVERSION = YES;
				CLANG_WARN_CONSTANT_CONVERSION = YES;
				CLANG_WARN_DIRECT_OBJC_ISA_USAGE = YES_ERROR;
				CLANG_WARN_EMPTY_BODY = YES;
				CLANG_WARN_ENUM_CONVERSION = YES;
				CLANG_WARN_INT_CONVERSION = YES;
				CLANG_WARN_OBJC_ROOT_CLASS = YES_ERROR;
				CLANG_WARN_UNREACHABLE_CODE = YES;
				CLANG_WARN__DUPLICATE_METHOD_MATCH = YES;
				"CODE_SIGN_IDENTITY[sdk=iphoneos*]" = "iPhone Developer";
				COPY_PHASE_STRIP = NO;
				DEBUG_INFORMATION_FORMAT = "dwarf-with-dsym";
				ENABLE_NS_ASSERTIONS = NO;
				ENABLE_STRICT_OBJC_MSGSEND = YES;
				GCC_C_LANGUAGE_STANDARD = gnu99;
				GCC_NO_COMMON_BLOCKS = YES;
				GCC_WARN_64_TO_32_BIT_CONVERSION = YES;
				GCC_WARN_ABOUT_RETURN_TYPE = YES_ERROR;
				GCC_WARN_UNDECLARED_SELECTOR = YES;
				GCC_WARN_UNINITIALIZED_AUTOS = YES_AGGRESSIVE;
				GCC_WARN_UNUSED_FUNCTION = YES;
				GCC_WARN_UNUSED_VARIABLE = YES;
				IPHONEOS_DEPLOYMENT_TARGET = 9.3;
				MTL_ENABLE_DEBUG_INFO = NO;
				SDKROOT = iphoneos;
				VALIDATE_PRODUCT = YES;
			};
			name = Release;
		};
		3F2748B71D4EF453003B6B85 /* Debug */ = {
			isa = XCBuildConfiguration;
			buildSettings = {
				ASSETCATALOG_COMPILER_APPICON_NAME = AppIcon;
				INFOPLIST_FILE = BlackRockElementary/Info.plist;
				LD_RUNPATH_SEARCH_PATHS = "$(inherited) @executable_path/Frameworks";
				PRODUCT_BUNDLE_IDENTIFIER = com.6kites.BlackRockElementary;
				PRODUCT_NAME = "$(TARGET_NAME)";
			};
			name = Debug;
		};
		3F2748B81D4EF453003B6B85 /* Release */ = {
			isa = XCBuildConfiguration;
			buildSettings = {
				ASSETCATALOG_COMPILER_APPICON_NAME = AppIcon;
				INFOPLIST_FILE = BlackRockElementary/Info.plist;
				LD_RUNPATH_SEARCH_PATHS = "$(inherited) @executable_path/Frameworks";
				PRODUCT_BUNDLE_IDENTIFIER = com.6kites.BlackRockElementary;
				PRODUCT_NAME = "$(TARGET_NAME)";
			};
			name = Release;
		};
/* End XCBuildConfiguration section */

/* Begin XCConfigurationList section */
		3F27489A1D4EF453003B6B85 /* Build configuration list for PBXProject "BlackRockElementary" */ = {
			isa = XCConfigurationList;
			buildConfigurations = (
				3F2748B41D4EF453003B6B85 /* Debug */,
				3F2748B51D4EF453003B6B85 /* Release */,
			);
			defaultConfigurationIsVisible = 0;
			defaultConfigurationName = Release;
		};
		3F2748B61D4EF453003B6B85 /* Build configuration list for PBXNativeTarget "BlackRockElementary" */ = {
			isa = XCConfigurationList;
			buildConfigurations = (
				3F2748B71D4EF453003B6B85 /* Debug */,
				3F2748B81D4EF453003B6B85 /* Release */,
			);
			defaultConfigurationIsVisible = 0;
			defaultConfigurationName = Release;
		};
/* End XCConfigurationList section */
	};
	rootObject = 3F2748971D4EF453003B6B85 /* Project object */;
}
